
Microsoft Visual Studio Solution File, Format Version 12.00
# Visual Studio Version 17
VisualStudioVersion = 17.9.34701.34
MinimumVisualStudioVersion = 10.0.40219.1
Project("{8BC9CEB8-8B4A-11D0-8D11-00A0C91BC942}") = "Exercitiul 1_clasa carte", "Exercitiul 1_clasa carte.vcxproj", "{38BB8C78-AF56-4BDD-AA06-C226B1BD37A6}"
EndProject
Global
	GlobalSection(SolutionConfigurationPlatforms) = preSolution
		Debug|x64 = Debug|x64
		Debug|x86 = Debug|x86
		Release|x64 = Release|x64
		Release|x86 = Release|x86
	EndGlobalSection
	GlobalSection(ProjectConfigurationPlatforms) = postSolution
		{38BB8C78-AF56-4BDD-AA06-C226B1BD37A6}.Debug|x64.ActiveCfg = Debug|x64
		{38BB8C78-AF56-4BDD-AA06-C226B1BD37A6}.Debug|x64.Build.0 = Debug|x64
		{38BB8C78-AF56-4BDD-AA06-C226B1BD37A6}.Debug|x86.ActiveCfg = Debug|Win32
		{38BB8C78-AF56-4BDD-AA06-C226B1BD37A6}.Debug|x86.Build.0 = Debug|Win32
		{38BB8C78-AF56-4BDD-AA06-C226B1BD37A6}.Release|x64.ActiveCfg = Release|x64
		{38BB8C78-AF56-4BDD-AA06-C226B1BD37A6}.Release|x64.Build.0 = Release|x64
		{38BB8C78-AF56-4BDD-AA06-C226B1BD37A6}.Release|x86.ActiveCfg = Release|Win32
		{38BB8C78-AF56-4BDD-AA06-C226B1BD37A6}.Release|x86.Build.0 = Release|Win32
	EndGlobalSection
	GlobalSection(SolutionProperties) = preSolution
		HideSolutionNode = FALSE
	EndGlobalSection
	GlobalSection(ExtensibilityGlobals) = postSolution
		SolutionGuid = {A0892DAD-4DC4-41F2-AF4E-D5A0F8C33FD1}
	EndGlobalSection
EndGlobal
